// !$*UTF8*$!
{
	archiveVersion = 1;
	classes = {
	};
	objectVersion = 50;
	objects = {

/* Begin PBXBuildFile section */
		DA99816A2643AD7D007D98BB /* AppDelegate.swift in Sources */ = {isa = PBXBuildFile; fileRef = DA9981692643AD7D007D98BB /* AppDelegate.swift */; };
		DA99816C2643AD7D007D98BB /* SceneDelegate.swift in Sources */ = {isa = PBXBuildFile; fileRef = DA99816B2643AD7D007D98BB /* SceneDelegate.swift */; };
		DA99816E2643AD7D007D98BB /* ViewController.swift in Sources */ = {isa = PBXBuildFile; fileRef = DA99816D2643AD7D007D98BB /* ViewController.swift */; };
		DA9981712643AD7D007D98BB /* Main.storyboard in Resources */ = {isa = PBXBuildFile; fileRef = DA99816F2643AD7D007D98BB /* Main.storyboard */; };
		DA9981732643AD7E007D98BB /* Assets.xcassets in Resources */ = {isa = PBXBuildFile; fileRef = DA9981722643AD7E007D98BB /* Assets.xcassets */; };
		DA9981762643AD7E007D98BB /* LaunchScreen.storyboard in Resources */ = {isa = PBXBuildFile; fileRef = DA9981742643AD7E007D98BB /* LaunchScreen.storyboard */; };
		DA9981812643AD7E007D98BB /* CalculadoraTests.swift in Sources */ = {isa = PBXBuildFile; fileRef = DA9981802643AD7E007D98BB /* CalculadoraTests.swift */; };
		DA99818C2643AD7E007D98BB /* CalculadoraUITests.swift in Sources */ = {isa = PBXBuildFile; fileRef = DA99818B2643AD7E007D98BB /* CalculadoraUITests.swift */; };
/* End PBXBuildFile section */

/* Begin PBXContainerItemProxy section */
		DA99817D2643AD7E007D98BB /* PBXContainerItemProxy */ = {
			isa = PBXContainerItemProxy;
			containerPortal = DA99815E2643AD7D007D98BB /* Project object */;
			proxyType = 1;
			remoteGlobalIDString = DA9981652643AD7D007D98BB;
			remoteInfo = Calculadora;
		};
		DA9981882643AD7E007D98BB /* PBXContainerItemProxy */ = {
			isa = PBXContainerItemProxy;
			containerPortal = DA99815E2643AD7D007D98BB /* Project object */;
			proxyType = 1;
			remoteGlobalIDString = DA9981652643AD7D007D98BB;
			remoteInfo = Calculadora;
		};
/* End PBXContainerItemProxy section */

/* Begin PBXFileReference section */
		DA9981662643AD7D007D98BB /* Calculadora.app */ = {isa = PBXFileReference; explicitFileType = wrapper.application; includeInIndex = 0; path = Calculadora.app; sourceTree = BUILT_PRODUCTS_DIR; };
		DA9981692643AD7D007D98BB /* AppDelegate.swift */ = {isa = PBXFileReference; lastKnownFileType = sourcecode.swift; path = AppDelegate.swift; sourceTree = "<group>"; };
		DA99816B2643AD7D007D98BB /* SceneDelegate.swift */ = {isa = PBXFileReference; lastKnownFileType = sourcecode.swift; path = SceneDelegate.swift; sourceTree = "<group>"; };
		DA99816D2643AD7D007D98BB /* ViewController.swift */ = {isa = PBXFileReference; lastKnownFileType = sourcecode.swift; path = ViewController.swift; sourceTree = "<group>"; };
		DA9981702643AD7D007D98BB /* Base */ = {isa = PBXFileReference; lastKnownFileType = file.storyboard; name = Base; path = Base.lproj/Main.storyboard; sourceTree = "<group>"; };
		DA9981722643AD7E007D98BB /* Assets.xcassets */ = {isa = PBXFileReference; lastKnownFileType = folder.assetcatalog; path = Assets.xcassets; sourceTree = "<group>"; };
		DA9981752643AD7E007D98BB /* Base */ = {isa = PBXFileReference; lastKnownFileType = file.storyboard; name = Base; path = Base.lproj/LaunchScreen.storyboard; sourceTree = "<group>"; };
		DA9981772643AD7E007D98BB /* Info.plist */ = {isa = PBXFileReference; lastKnownFileType = text.plist.xml; path = Info.plist; sourceTree = "<group>"; };
		DA99817C2643AD7E007D98BB /* CalculadoraTests.xctest */ = {isa = PBXFileReference; explicitFileType = wrapper.cfbundle; includeInIndex = 0; path = CalculadoraTests.xctest; sourceTree = BUILT_PRODUCTS_DIR; };
		DA9981802643AD7E007D98BB /* CalculadoraTests.swift */ = {isa = PBXFileReference; lastKnownFileType = sourcecode.swift; path = CalculadoraTests.swift; sourceTree = "<group>"; };
		DA9981822643AD7E007D98BB /* Info.plist */ = {isa = PBXFileReference; lastKnownFileType = text.plist.xml; path = Info.plist; sourceTree = "<group>"; };
		DA9981872643AD7E007D98BB /* CalculadoraUITests.xctest */ = {isa = PBXFileReference; explicitFileType = wrapper.cfbundle; includeInIndex = 0; path = CalculadoraUITests.xctest; sourceTree = BUILT_PRODUCTS_DIR; };
		DA99818B2643AD7E007D98BB /* CalculadoraUITests.swift */ = {isa = PBXFileReference; lastKnownFileType = sourcecode.swift; path = CalculadoraUITests.swift; sourceTree = "<group>"; };
		DA99818D2643AD7E007D98BB /* Info.plist */ = {isa = PBXFileReference; lastKnownFileType = text.plist.xml; path = Info.plist; sourceTree = "<group>"; };
/* End PBXFileReference section */

/* Begin PBXFrameworksBuildPhase section */
		DA9981632643AD7D007D98BB /* Frameworks */ = {
			isa = PBXFrameworksBuildPhase;
			buildActionMask = 2147483647;
			files = (
			);
			runOnlyForDeploymentPostprocessing = 0;
		};
		DA9981792643AD7E007D98BB /* Frameworks */ = {
			isa = PBXFrameworksBuildPhase;
			buildActionMask = 2147483647;
			files = (
			);
			runOnlyForDeploymentPostprocessing = 0;
		};
		DA9981842643AD7E007D98BB /* Frameworks */ = {
			isa = PBXFrameworksBuildPhase;
			buildActionMask = 2147483647;
			files = (
			);
			runOnlyForDeploymentPostprocessing = 0;
		};
/* End PBXFrameworksBuildPhase section */

/* Begin PBXGroup section */
		DA99815D2643AD7D007D98BB = {
			isa = PBXGroup;
			children = (
				DA9981682643AD7D007D98BB /* Calculadora */,
				DA99817F2643AD7E007D98BB /* CalculadoraTests */,
				DA99818A2643AD7E007D98BB /* CalculadoraUITests */,
				DA9981672643AD7D007D98BB /* Products */,
			);
			sourceTree = "<group>";
		};
		DA9981672643AD7D007D98BB /* Products */ = {
			isa = PBXGroup;
			children = (
				DA9981662643AD7D007D98BB /* Calculadora.app */,
				DA99817C2643AD7E007D98BB /* CalculadoraTests.xctest */,
				DA9981872643AD7E007D98BB /* CalculadoraUITests.xctest */,
			);
			name = Products;
			sourceTree = "<group>";
		};
		DA9981682643AD7D007D98BB /* Calculadora */ = {
			isa = PBXGroup;
			children = (
				DA9981692643AD7D007D98BB /* AppDelegate.swift */,
				DA99816B2643AD7D007D98BB /* SceneDelegate.swift */,
				DA99816D2643AD7D007D98BB /* ViewController.swift */,
				DA99816F2643AD7D007D98BB /* Main.storyboard */,
				DA9981722643AD7E007D98BB /* Assets.xcassets */,
				DA9981742643AD7E007D98BB /* LaunchScreen.storyboard */,
				DA9981772643AD7E007D98BB /* Info.plist */,
			);
			path = Calculadora;
			sourceTree = "<group>";
		};
		DA99817F2643AD7E007D98BB /* CalculadoraTests */ = {
			isa = PBXGroup;
			children = (
				DA9981802643AD7E007D98BB /* CalculadoraTests.swift */,
				DA9981822643AD7E007D98BB /* Info.plist */,
			);
			path = CalculadoraTests;
			sourceTree = "<group>";
		};
		DA99818A2643AD7E007D98BB /* CalculadoraUITests */ = {
			isa = PBXGroup;
			children = (
				DA99818B2643AD7E007D98BB /* CalculadoraUITests.swift */,
				DA99818D2643AD7E007D98BB /* Info.plist */,
			);
			path = CalculadoraUITests;
			sourceTree = "<group>";
		};
/* End PBXGroup section */

/* Begin PBXNativeTarget section */
		DA9981652643AD7D007D98BB /* Calculadora */ = {
			isa = PBXNativeTarget;
			buildConfigurationList = DA9981902643AD7E007D98BB /* Build configuration list for PBXNativeTarget "Calculadora" */;
			buildPhases = (
				DA9981622643AD7D007D98BB /* Sources */,
				DA9981632643AD7D007D98BB /* Frameworks */,
				DA9981642643AD7D007D98BB /* Resources */,
			);
			buildRules = (
			);
			dependencies = (
			);
			name = Calculadora;
			productName = Calculadora;
			productReference = DA9981662643AD7D007D98BB /* Calculadora.app */;
			productType = "com.apple.product-type.application";
		};
		DA99817B2643AD7E007D98BB /* CalculadoraTests */ = {
			isa = PBXNativeTarget;
			buildConfigurationList = DA9981932643AD7E007D98BB /* Build configuration list for PBXNativeTarget "CalculadoraTests" */;
			buildPhases = (
				DA9981782643AD7E007D98BB /* Sources */,
				DA9981792643AD7E007D98BB /* Frameworks */,
				DA99817A2643AD7E007D98BB /* Resources */,
			);
			buildRules = (
			);
			dependencies = (
				DA99817E2643AD7E007D98BB /* PBXTargetDependency */,
			);
			name = CalculadoraTests;
			productName = CalculadoraTests;
			productReference = DA99817C2643AD7E007D98BB /* CalculadoraTests.xctest */;
			productType = "com.apple.product-type.bundle.unit-test";
		};
		DA9981862643AD7E007D98BB /* CalculadoraUITests */ = {
			isa = PBXNativeTarget;
			buildConfigurationList = DA9981962643AD7E007D98BB /* Build configuration list for PBXNativeTarget "CalculadoraUITests" */;
			buildPhases = (
				DA9981832643AD7E007D98BB /* Sources */,
				DA9981842643AD7E007D98BB /* Frameworks */,
				DA9981852643AD7E007D98BB /* Resources */,
			);
			buildRules = (
			);
			dependencies = (
				DA9981892643AD7E007D98BB /* PBXTargetDependency */,
			);
			name = CalculadoraUITests;
			productName = CalculadoraUITests;
			productReference = DA9981872643AD7E007D98BB /* CalculadoraUITests.xctest */;
			productType = "com.apple.product-type.bundle.ui-testing";
		};
/* End PBXNativeTarget section */

/* Begin PBXProject section */
		DA99815E2643AD7D007D98BB /* Project object */ = {
			isa = PBXProject;
			attributes = {
				LastSwiftUpdateCheck = 1250;
				LastUpgradeCheck = 1250;
				TargetAttributes = {
					DA9981652643AD7D007D98BB = {
						CreatedOnToolsVersion = 12.5;
					};
					DA99817B2643AD7E007D98BB = {
						CreatedOnToolsVersion = 12.5;
						TestTargetID = DA9981652643AD7D007D98BB;
					};
					DA9981862643AD7E007D98BB = {
						CreatedOnToolsVersion = 12.5;
						TestTargetID = DA9981652643AD7D007D98BB;
					};
				};
			};
			buildConfigurationList = DA9981612643AD7D007D98BB /* Build configuration list for PBXProject "Calculadora" */;
			compatibilityVersion = "Xcode 9.3";
			developmentRegion = en;
			hasScannedForEncodings = 0;
			knownRegions = (
				en,
				Base,
			);
			mainGroup = DA99815D2643AD7D007D98BB;
			productRefGroup = DA9981672643AD7D007D98BB /* Products */;
			projectDirPath = "";
			projectRoot = "";
			targets = (
				DA9981652643AD7D007D98BB /* Calculadora */,
				DA99817B2643AD7E007D98BB /* CalculadoraTests */,
				DA9981862643AD7E007D98BB /* CalculadoraUITests */,
			);
		};
/* End PBXProject section */

/* Begin PBXResourcesBuildPhase section */
		DA9981642643AD7D007D98BB /* Resources */ = {
			isa = PBXResourcesBuildPhase;
			buildActionMask = 2147483647;
			files = (
				DA9981762643AD7E007D98BB /* LaunchScreen.storyboard in Resources */,
				DA9981732643AD7E007D98BB /* Assets.xcassets in Resources */,
				DA9981712643AD7D007D98BB /* Main.storyboard in Resources */,
			);
			runOnlyForDeploymentPostprocessing = 0;
		};
		DA99817A2643AD7E007D98BB /* Resources */ = {
			isa = PBXResourcesBuildPhase;
			buildActionMask = 2147483647;
			files = (
			);
			runOnlyForDeploymentPostprocessing = 0;
		};
		DA9981852643AD7E007D98BB /* Resources */ = {
			isa = PBXResourcesBuildPhase;
			buildActionMask = 2147483647;
			files = (
			);
			runOnlyForDeploymentPostprocessing = 0;
		};
/* End PBXResourcesBuildPhase section */

/* Begin PBXSourcesBuildPhase section */
		DA9981622643AD7D007D98BB /* Sources */ = {
			isa = PBXSourcesBuildPhase;
			buildActionMask = 2147483647;
			files = (
				DA99816E2643AD7D007D98BB /* ViewController.swift in Sources */,
				DA99816A2643AD7D007D98BB /* AppDelegate.swift in Sources */,
				DA99816C2643AD7D007D98BB /* SceneDelegate.swift in Sources */,
			);
			runOnlyForDeploymentPostprocessing = 0;
		};
		DA9981782643AD7E007D98BB /* Sources */ = {
			isa = PBXSourcesBuildPhase;
			buildActionMask = 2147483647;
			files = (
				DA9981812643AD7E007D98BB /* CalculadoraTests.swift in Sources */,
			);
			runOnlyForDeploymentPostprocessing = 0;
		};
		DA9981832643AD7E007D98BB /* Sources */ = {
			isa = PBXSourcesBuildPhase;
			buildActionMask = 2147483647;
			files = (
				DA99818C2643AD7E007D98BB /* CalculadoraUITests.swift in Sources */,
			);
			runOnlyForDeploymentPostprocessing = 0;
		};
/* End PBXSourcesBuildPhase section */

/* Begin PBXTargetDependency section */
		DA99817E2643AD7E007D98BB /* PBXTargetDependency */ = {
			isa = PBXTargetDependency;
			target = DA9981652643AD7D007D98BB /* Calculadora */;
			targetProxy = DA99817D2643AD7E007D98BB /* PBXContainerItemProxy */;
		};
		DA9981892643AD7E007D98BB /* PBXTargetDependency */ = {
			isa = PBXTargetDependency;
			target = DA9981652643AD7D007D98BB /* Calculadora */;
			targetProxy = DA9981882643AD7E007D98BB /* PBXContainerItemProxy */;
		};
/* End PBXTargetDependency section */

/* Begin PBXVariantGroup section */
		DA99816F2643AD7D007D98BB /* Main.storyboard */ = {
			isa = PBXVariantGroup;
			children = (
				DA9981702643AD7D007D98BB /* Base */,
			);
			name = Main.storyboard;
			sourceTree = "<group>";
		};
		DA9981742643AD7E007D98BB /* LaunchScreen.storyboard */ = {
			isa = PBXVariantGroup;
			children = (
				DA9981752643AD7E007D98BB /* Base */,
			);
			name = LaunchScreen.storyboard;
			sourceTree = "<group>";
		};
/* End PBXVariantGroup section */

/* Begin XCBuildConfiguration section */
		DA99818E2643AD7E007D98BB /* Debug */ = {
			isa = XCBuildConfiguration;
			buildSettings = {
				ALWAYS_SEARCH_USER_PATHS = NO;
				CLANG_ANALYZER_NONNULL = YES;
				CLANG_ANALYZER_NUMBER_OBJECT_CONVERSION = YES_AGGRESSIVE;
				CLANG_CXX_LANGUAGE_STANDARD = "gnu++14";
				CLANG_CXX_LIBRARY = "libc++";
				CLANG_ENABLE_MODULES = YES;
				CLANG_ENABLE_OBJC_ARC = YES;
				CLANG_ENABLE_OBJC_WEAK = YES;
				CLANG_WARN_BLOCK_CAPTURE_AUTORELEASING = YES;
				CLANG_WARN_BOOL_CONVERSION = YES;
				CLANG_WARN_COMMA = YES;
				CLANG_WARN_CONSTANT_CONVERSION = YES;
				CLANG_WARN_DEPRECATED_OBJC_IMPLEMENTATIONS = YES;
				CLANG_WARN_DIRECT_OBJC_ISA_USAGE = YES_ERROR;
				CLANG_WARN_DOCUMENTATION_COMMENTS = YES;
				CLANG_WARN_EMPTY_BODY = YES;
				CLANG_WARN_ENUM_CONVERSION = YES;
				CLANG_WARN_INFINITE_RECURSION = YES;
				CLANG_WARN_INT_CONVERSION = YES;
				CLANG_WARN_NON_LITERAL_NULL_CONVERSION = YES;
				CLANG_WARN_OBJC_IMPLICIT_RETAIN_SELF = YES;
				CLANG_WARN_OBJC_LITERAL_CONVERSION = YES;
				CLANG_WARN_OBJC_ROOT_CLASS = YES_ERROR;
				CLANG_WARN_QUOTED_INCLUDE_IN_FRAMEWORK_HEADER = YES;
				CLANG_WARN_RANGE_LOOP_ANALYSIS = YES;
				CLANG_WARN_STRICT_PROTOTYPES = YES;
				CLANG_WARN_SUSPICIOUS_MOVE = YES;
				CLANG_WARN_UNGUARDED_AVAILABILITY = YES_AGGRESSIVE;
				CLANG_WARN_UNREACHABLE_CODE = YES;
				CLANG_WARN__DUPLICATE_METHOD_MATCH = YES;
				COPY_PHASE_STRIP = NO;
				DEBUG_INFORMATION_FORMAT = dwarf;
				ENABLE_STRICT_OBJC_MSGSEND = YES;
				ENABLE_TESTABILITY = YES;
				GCC_C_LANGUAGE_STANDARD = gnu11;
				GCC_DYNAMIC_NO_PIC = NO;
				GCC_NO_COMMON_BLOCKS = YES;
				GCC_OPTIMIZATION_LEVEL = 0;
				GCC_PREPROCESSOR_DEFINITIONS = (
					"DEBUG=1",
					"$(inherited)",
				);
				GCC_WARN_64_TO_32_BIT_CONVERSION = YES;
				GCC_WARN_ABOUT_RETURN_TYPE = YES_ERROR;
				GCC_WARN_UNDECLARED_SELECTOR = YES;
				GCC_WARN_UNINITIALIZED_AUTOS = YES_AGGRESSIVE;
				GCC_WARN_UNUSED_FUNCTION = YES;
				GCC_WARN_UNUSED_VARIABLE = YES;
				IPHONEOS_DEPLOYMENT_TARGET = 14.5;
				MTL_ENABLE_DEBUG_INFO = INCLUDE_SOURCE;
				MTL_FAST_MATH = YES;
				ONLY_ACTIVE_ARCH = YES;
				SDKROOT = iphoneos;
				SWIFT_ACTIVE_COMPILATION_CONDITIONS = DEBUG;
				SWIFT_OPTIMIZATION_LEVEL = "-Onone";
			};
			name = Debug;
		};
		DA99818F2643AD7E007D98BB /* Release */ = {
			isa = XCBuildConfiguration;
			buildSettings = {
				ALWAYS_SEARCH_USER_PATHS = NO;
				CLANG_ANALYZER_NONNULL = YES;
				CLANG_ANALYZER_NUMBER_OBJECT_CONVERSION = YES_AGGRESSIVE;
				CLANG_CXX_LANGUAGE_STANDARD = "gnu++14";
				CLANG_CXX_LIBRARY = "libc++";
				CLANG_ENABLE_MODULES = YES;
				CLANG_ENABLE_OBJC_ARC = YES;
				CLANG_ENABLE_OBJC_WEAK = YES;
				CLANG_WARN_BLOCK_CAPTURE_AUTORELEASING = YES;
				CLANG_WARN_BOOL_CONVERSION = YES;
				CLANG_WARN_COMMA = YES;
				CLANG_WARN_CONSTANT_CONVERSION = YES;
				CLANG_WARN_DEPRECATED_OBJC_IMPLEMENTATIONS = YES;
				CLANG_WARN_DIRECT_OBJC_ISA_USAGE = YES_ERROR;
				CLANG_WARN_DOCUMENTATION_COMMENTS = YES;
				CLANG_WARN_EMPTY_BODY = YES;
				CLANG_WARN_ENUM_CONVERSION = YES;
				CLANG_WARN_INFINITE_RECURSION = YES;
				CLANG_WARN_INT_CONVERSION = YES;
				CLANG_WARN_NON_LITERAL_NULL_CONVERSION = YES;
				CLANG_WARN_OBJC_IMPLICIT_RETAIN_SELF = YES;
				CLANG_WARN_OBJC_LITERAL_CONVERSION = YES;
				CLANG_WARN_OBJC_ROOT_CLASS = YES_ERROR;
				CLANG_WARN_QUOTED_INCLUDE_IN_FRAMEWORK_HEADER = YES;
				CLANG_WARN_RANGE_LOOP_ANALYSIS = YES;
				CLANG_WARN_STRICT_PROTOTYPES = YES;
				CLANG_WARN_SUSPICIOUS_MOVE = YES;
				CLANG_WARN_UNGUARDED_AVAILABILITY = YES_AGGRESSIVE;
				CLANG_WARN_UNREACHABLE_CODE = YES;
				CLANG_WARN__DUPLICATE_METHOD_MATCH = YES;
				COPY_PHASE_STRIP = NO;
				DEBUG_INFORMATION_FORMAT = "dwarf-with-dsym";
				ENABLE_NS_ASSERTIONS = NO;
				ENABLE_STRICT_OBJC_MSGSEND = YES;
				GCC_C_LANGUAGE_STANDARD = gnu11;
				GCC_NO_COMMON_BLOCKS = YES;
				GCC_WARN_64_TO_32_BIT_CONVERSION = YES;
				GCC_WARN_ABOUT_RETURN_TYPE = YES_ERROR;
				GCC_WARN_UNDECLARED_SELECTOR = YES;
				GCC_WARN_UNINITIALIZED_AUTOS = YES_AGGRESSIVE;
				GCC_WARN_UNUSED_FUNCTION = YES;
				GCC_WARN_UNUSED_VARIABLE = YES;
				IPHONEOS_DEPLOYMENT_TARGET = 14.5;
				MTL_ENABLE_DEBUG_INFO = NO;
				MTL_FAST_MATH = YES;
				SDKROOT = iphoneos;
				SWIFT_COMPILATION_MODE = wholemodule;
				SWIFT_OPTIMIZATION_LEVEL = "-O";
				VALIDATE_PRODUCT = YES;
			};
			name = Release;
		};
		DA9981912643AD7E007D98BB /* Debug */ = {
			isa = XCBuildConfiguration;
			buildSettings = {
				ASSETCATALOG_COMPILER_APPICON_NAME = AppIcon;
				ASSETCATALOG_COMPILER_GLOBAL_ACCENT_COLOR_NAME = AccentColor;
				CODE_SIGN_STYLE = Automatic;
				INFOPLIST_FILE = Calculadora/Info.plist;
				LD_RUNPATH_SEARCH_PATHS = (
					"$(inherited)",
					"@executable_path/Frameworks",
				);
				PRODUCT_BUNDLE_IDENTIFIER = com.Maxtec.Calculadora;
				PRODUCT_NAME = "$(TARGET_NAME)";
				SWIFT_VERSION = 5.0;
				TARGETED_DEVICE_FAMILY = "1,2";
			};
			name = Debug;
		};
		DA9981922643AD7E007D98BB /* Release */ = {
			isa = XCBuildConfiguration;
			buildSettings = {
				ASSETCATALOG_COMPILER_APPICON_NAME = AppIcon;
				ASSETCATALOG_COMPILER_GLOBAL_ACCENT_COLOR_NAME = AccentColor;
				CODE_SIGN_STYLE = Automatic;
				INFOPLIST_FILE = Calculadora/Info.plist;
				LD_RUNPATH_SEARCH_PATHS = (
					"$(inherited)",
					"@executable_path/Frameworks",
				);
				PRODUCT_BUNDLE_IDENTIFIER = com.Maxtec.Calculadora;
				PRODUCT_NAME = "$(TARGET_NAME)";
				SWIFT_VERSION = 5.0;
				TARGETED_DEVICE_FAMILY = "1,2";
			};
			name = Release;
		};
		DA9981942643AD7E007D98BB /* Debug */ = {
			isa = XCBuildConfiguration;
			buildSettings = {
				ALWAYS_EMBED_SWIFT_STANDARD_LIBRARIES = YES;
				BUNDLE_LOADER = "$(TEST_HOST)";
				CODE_SIGN_STYLE = Automatic;
				INFOPLIST_FILE = CalculadoraTests/Info.plist;
				IPHONEOS_DEPLOYMENT_TARGET = 14.5;
				LD_RUNPATH_SEARCH_PATHS = (
					"$(inherited)",
					"@executable_path/Frameworks",
					"@loader_path/Frameworks",
				);
				PRODUCT_BUNDLE_IDENTIFIER = com.Maxtec.CalculadoraTests;
				PRODUCT_NAME = "$(TARGET_NAME)";
				SWIFT_VERSION = 5.0;
				TARGETED_DEVICE_FAMILY = "1,2";
				TEST_HOST = "$(BUILT_PRODUCTS_DIR)/Calculadora.app/Calculadora";
			};
			name = Debug;
		};
		DA9981952643AD7E007D98BB /* Release */ = {
			isa = XCBuildConfiguration;
			buildSettings = {
				ALWAYS_EMBED_SWIFT_STANDARD_LIBRARIES = YES;
				BUNDLE_LOADER = "$(TEST_HOST)";
				CODE_SIGN_STYLE = Automatic;
				INFOPLIST_FILE = CalculadoraTests/Info.plist;
				IPHONEOS_DEPLOYMENT_TARGET = 14.5;
				LD_RUNPATH_SEARCH_PATHS = (
					"$(inherited)",
					"@executable_path/Frameworks",
					"@loader_path/Frameworks",
				);
				PRODUCT_BUNDLE_IDENTIFIER = com.Maxtec.CalculadoraTests;
				PRODUCT_NAME = "$(TARGET_NAME)";
				SWIFT_VERSION = 5.0;
				TARGETED_DEVICE_FAMILY = "1,2";
				TEST_HOST = "$(BUILT_PRODUCTS_DIR)/Calculadora.app/Calculadora";
			};
			name = Release;
		};
		DA9981972643AD7E007D98BB /* Debug */ = {
			isa = XCBuildConfiguration;
			buildSettings = {
				ALWAYS_EMBED_SWIFT_STANDARD_LIBRARIES = YES;
				CODE_SIGN_STYLE = Automatic;
				INFOPLIST_FILE = CalculadoraUITests/Info.plist;
				LD_RUNPATH_SEARCH_PATHS = (
					"$(inherited)",
					"@executable_path/Frameworks",
					"@loader_path/Frameworks",
				);
				PRODUCT_BUNDLE_IDENTIFIER = com.Maxtec.CalculadoraUITests;
				PRODUCT_NAME = "$(TARGET_NAME)";
				SWIFT_VERSION = 5.0;
				TARGETED_DEVICE_FAMILY = "1,2";
				TEST_TARGET_NAME = Calculadora;
			};
			name = Debug;
		};
		DA9981982643AD7E007D98BB /* Release */ = {
			isa = XCBuildConfiguration;
			buildSettings = {
				ALWAYS_EMBED_SWIFT_STANDARD_LIBRARIES = YES;
				CODE_SIGN_STYLE = Automatic;
				INFOPLIST_FILE = CalculadoraUITests/Info.plist;
				LD_RUNPATH_SEARCH_PATHS = (
					"$(inherited)",
					"@executable_path/Frameworks",
					"@loader_path/Frameworks",
				);
				PRODUCT_BUNDLE_IDENTIFIER = com.Maxtec.CalculadoraUITests;
				PRODUCT_NAME = "$(TARGET_NAME)";
				SWIFT_VERSION = 5.0;
				TARGETED_DEVICE_FAMILY = "1,2";
				TEST_TARGET_NAME = Calculadora;
			};
			name = Release;
		};
/* End XCBuildConfiguration section */

/* Begin XCConfigurationList section */
		DA9981612643AD7D007D98BB /* Build configuration list for PBXProject "Calculadora" */ = {
			isa = XCConfigurationList;
			buildConfigurations = (
				DA99818E2643AD7E007D98BB /* Debug */,
				DA99818F2643AD7E007D98BB /* Release */,
			);
			defaultConfigurationIsVisible = 0;
			defaultConfigurationName = Release;
		};
		DA9981902643AD7E007D98BB /* Build configuration list for PBXNativeTarget "Calculadora" */ = {
			isa = XCConfigurationList;
			buildConfigurations = (
				DA9981912643AD7E007D98BB /* Debug */,
				DA9981922643AD7E007D98BB /* Release */,
			);
			defaultConfigurationIsVisible = 0;
			defaultConfigurationName = Release;
		};
		DA9981932643AD7E007D98BB /* Build configuration list for PBXNativeTarget "CalculadoraTests" */ = {
			isa = XCConfigurationList;
			buildConfigurations = (
				DA9981942643AD7E007D98BB /* Debug */,
				DA9981952643AD7E007D98BB /* Release */,
			);
			defaultConfigurationIsVisible = 0;
			defaultConfigurationName = Release;
		};
		DA9981962643AD7E007D98BB /* Build configuration list for PBXNativeTarget "CalculadoraUITests" */ = {
			isa = XCConfigurationList;
			buildConfigurations = (
				DA9981972643AD7E007D98BB /* Debug */,
				DA9981982643AD7E007D98BB /* Release */,
			);
			defaultConfigurationIsVisible = 0;
			defaultConfigurationName = Release;
		};
/* End XCConfigurationList section */
	};
	rootObject = DA99815E2643AD7D007D98BB /* Project object */;
}
